// !$*UTF8*$!
{
	archiveVersion = 1;
	classes = {
	};
	objectVersion = 45;
	objects = {

/* Begin PBXBuildFile section */
		AA747D9F0F9514B9006C5449 /* weibo4objc_Prefix.pch in Headers */ = {isa = PBXBuildFile; fileRef = AA747D9E0F9514B9006C5449 /* weibo4objc_Prefix.pch */; };
		AACBBE4A0F95108600F1A2B1 /* Foundation.framework in Frameworks */ = {isa = PBXBuildFile; fileRef = AACBBE490F95108600F1A2B1 /* Foundation.framework */; };
		C63626CB1384BA0D00689881 /* Base64Transcoder.c in Sources */ = {isa = PBXBuildFile; fileRef = C63626A51384BA0D00689881 /* Base64Transcoder.c */; };
		C63626CC1384BA0D00689881 /* Base64Transcoder.h in Headers */ = {isa = PBXBuildFile; fileRef = C63626A61384BA0D00689881 /* Base64Transcoder.h */; };
		C63626CD1384BA0D00689881 /* NSString+URLEncoding.h in Headers */ = {isa = PBXBuildFile; fileRef = C63626A71384BA0D00689881 /* NSString+URLEncoding.h */; };
		C63626CE1384BA0D00689881 /* NSString+URLEncoding.m in Sources */ = {isa = PBXBuildFile; fileRef = C63626A81384BA0D00689881 /* NSString+URLEncoding.m */; };
		C63626CF1384BA0D00689881 /* OAConsumer.h in Headers */ = {isa = PBXBuildFile; fileRef = C63626A91384BA0D00689881 /* OAConsumer.h */; };
		C63626D01384BA0D00689881 /* OAConsumer.m in Sources */ = {isa = PBXBuildFile; fileRef = C63626AA1384BA0D00689881 /* OAConsumer.m */; };
		C63626D11384BA0D00689881 /* OAHMAC_SHA1SignatureProvider.h in Headers */ = {isa = PBXBuildFile; fileRef = C63626AB1384BA0D00689881 /* OAHMAC_SHA1SignatureProvider.h */; };
		C63626D21384BA0D00689881 /* OAHMAC_SHA1SignatureProvider.m in Sources */ = {isa = PBXBuildFile; fileRef = C63626AC1384BA0D00689881 /* OAHMAC_SHA1SignatureProvider.m */; };
		C63626D31384BA0D00689881 /* OAPlaintextSignatureProvider.h in Headers */ = {isa = PBXBuildFile; fileRef = C63626AD1384BA0D00689881 /* OAPlaintextSignatureProvider.h */; };
		C63626D41384BA0D00689881 /* OAPlaintextSignatureProvider.m in Sources */ = {isa = PBXBuildFile; fileRef = C63626AE1384BA0D00689881 /* OAPlaintextSignatureProvider.m */; };
		C63626D51384BA0D00689881 /* OARequestParameter.h in Headers */ = {isa = PBXBuildFile; fileRef = C63626AF1384BA0D00689881 /* OARequestParameter.h */; };
		C63626D61384BA0D00689881 /* OARequestParameter.m in Sources */ = {isa = PBXBuildFile; fileRef = C63626B01384BA0D00689881 /* OARequestParameter.m */; };
		C63626D71384BA0D00689881 /* OASignatureProviding.h in Headers */ = {isa = PBXBuildFile; fileRef = C63626B11384BA0D00689881 /* OASignatureProviding.h */; };
		C63626D81384BA0D00689881 /* OAToken.h in Headers */ = {isa = PBXBuildFile; fileRef = C63626B21384BA0D00689881 /* OAToken.h */; };
		C63626D91384BA0D00689881 /* OAToken.m in Sources */ = {isa = PBXBuildFile; fileRef = C63626B31384BA0D00689881 /* OAToken.m */; };
		C63626DA1384BA0D00689881 /* OauthSingnature.h in Headers */ = {isa = PBXBuildFile; fileRef = C63626B41384BA0D00689881 /* OauthSingnature.h */; };
		C63626DB1384BA0D00689881 /* OauthSingnature.m in Sources */ = {isa = PBXBuildFile; fileRef = C63626B51384BA0D00689881 /* OauthSingnature.m */; };
		C63626DC1384BA0D00689881 /* RandomStringGenerator.h in Headers */ = {isa = PBXBuildFile; fileRef = C63626B61384BA0D00689881 /* RandomStringGenerator.h */; };
		C63626DD1384BA0D00689881 /* RandomStringGenerator.m in Sources */ = {isa = PBXBuildFile; fileRef = C63626B71384BA0D00689881 /* RandomStringGenerator.m */; };
		C63626DE1384BA0D00689881 /* NSString_URLEncodingTest.h in Headers */ = {isa = PBXBuildFile; fileRef = C63626B91384BA0D00689881 /* NSString_URLEncodingTest.h */; };
		C63626E01384BA0D00689881 /* OAConsumerTest.h in Headers */ = {isa = PBXBuildFile; fileRef = C63626BB1384BA0D00689881 /* OAConsumerTest.h */; };
		C63626E21384BA0D00689881 /* OAHMAC_SHA1SignatureProviderTest.h in Headers */ = {isa = PBXBuildFile; fileRef = C63626BD1384BA0D00689881 /* OAHMAC_SHA1SignatureProviderTest.h */; };
		C63626E41384BA0D00689881 /* OAPlaintextSignatureProviderTest.h in Headers */ = {isa = PBXBuildFile; fileRef = C63626BF1384BA0D00689881 /* OAPlaintextSignatureProviderTest.h */; };
		C63626E61384BA0D00689881 /* OARequestParameterTest.h in Headers */ = {isa = PBXBuildFile; fileRef = C63626C11384BA0D00689881 /* OARequestParameterTest.h */; };
		C63626E81384BA0D00689881 /* OATokenTest.h in Headers */ = {isa = PBXBuildFile; fileRef = C63626C31384BA0D00689881 /* OATokenTest.h */; };
		C63626EA1384BA0D00689881 /* OauthSingnatureTest.h in Headers */ = {isa = PBXBuildFile; fileRef = C63626C51384BA0D00689881 /* OauthSingnatureTest.h */; };
		C63626EC1384BA0D00689881 /* RandomStringGeneratorTest.h in Headers */ = {isa = PBXBuildFile; fileRef = C63626C71384BA0D00689881 /* RandomStringGeneratorTest.h */; };
		C63626EE1384BA0D00689881 /* XauthSignatureTest.h in Headers */ = {isa = PBXBuildFile; fileRef = C63626C91384BA0D00689881 /* XauthSignatureTest.h */; };
		EF18D4A912BEF4ED00382796 /* ServerSideError.h in Headers */ = {isa = PBXBuildFile; fileRef = EF18D4A712BEF4ED00382796 /* ServerSideError.h */; };
		EF18D4AA12BEF4ED00382796 /* ServerSideError.m in Sources */ = {isa = PBXBuildFile; fileRef = EF18D4A812BEF4ED00382796 /* ServerSideError.m */; };
		EF1A6F4912C32BD500B9B870 /* Base64.m in Sources */ = {isa = PBXBuildFile; fileRef = EF8BAB6F12B623760083DFF2 /* Base64.m */; };
		EF1D1D6912B71F21000D718C /* XmlStatusParser.h in Headers */ = {isa = PBXBuildFile; fileRef = EF1D1D6712B71F21000D718C /* XmlStatusParser.h */; };
		EF1D1D6A12B71F21000D718C /* XmlStatusParser.m in Sources */ = {isa = PBXBuildFile; fileRef = EF1D1D6812B71F21000D718C /* XmlStatusParser.m */; };
		EF1D1D7112B71F6A000D718C /* JsonStatusParser.h in Headers */ = {isa = PBXBuildFile; fileRef = EF1D1D6F12B71F6A000D718C /* JsonStatusParser.h */; };
		EF1D1D7212B71F6A000D718C /* JsonStatusParser.m in Sources */ = {isa = PBXBuildFile; fileRef = EF1D1D7012B71F6A000D718C /* JsonStatusParser.m */; };
		EF1D1DE412B74ED7000D718C /* JSON.h in Headers */ = {isa = PBXBuildFile; fileRef = EF1D1DD912B74ED7000D718C /* JSON.h */; };
		EF1D1DE512B74ED7000D718C /* NSObject+SBJSON.h in Headers */ = {isa = PBXBuildFile; fileRef = EF1D1DDA12B74ED7000D718C /* NSObject+SBJSON.h */; };
		EF1D1DE612B74ED7000D718C /* NSObject+SBJSON.m in Sources */ = {isa = PBXBuildFile; fileRef = EF1D1DDB12B74ED7000D718C /* NSObject+SBJSON.m */; };
		EF1D1DE712B74ED7000D718C /* NSString+SBJSON.h in Headers */ = {isa = PBXBuildFile; fileRef = EF1D1DDC12B74ED7000D718C /* NSString+SBJSON.h */; };
		EF1D1DE812B74ED7000D718C /* NSString+SBJSON.m in Sources */ = {isa = PBXBuildFile; fileRef = EF1D1DDD12B74ED7000D718C /* NSString+SBJSON.m */; };
		EF1D1DE912B74ED7000D718C /* SBJsonBase.h in Headers */ = {isa = PBXBuildFile; fileRef = EF1D1DDE12B74ED7000D718C /* SBJsonBase.h */; };
		EF1D1DEA12B74ED7000D718C /* SBJsonBase.m in Sources */ = {isa = PBXBuildFile; fileRef = EF1D1DDF12B74ED7000D718C /* SBJsonBase.m */; };
		EF1D1DEB12B74ED7000D718C /* SBJsonParser.h in Headers */ = {isa = PBXBuildFile; fileRef = EF1D1DE012B74ED7000D718C /* SBJsonParser.h */; };
		EF1D1DEC12B74ED7000D718C /* SBJsonParser.m in Sources */ = {isa = PBXBuildFile; fileRef = EF1D1DE112B74ED7000D718C /* SBJsonParser.m */; };
		EF1D1DED12B74ED7000D718C /* SBJsonWriter.h in Headers */ = {isa = PBXBuildFile; fileRef = EF1D1DE212B74ED7000D718C /* SBJsonWriter.h */; };
		EF1D1DEE12B74ED7000D718C /* SBJsonWriter.m in Sources */ = {isa = PBXBuildFile; fileRef = EF1D1DE312B74ED7000D718C /* SBJsonWriter.m */; };
		EF1F75A312A374BE007C5CDF /* Weibo.h in Headers */ = {isa = PBXBuildFile; fileRef = EF1F75A112A374BE007C5CDF /* Weibo.h */; };
		EF1F75A412A374BE007C5CDF /* Weibo.m in Sources */ = {isa = PBXBuildFile; fileRef = EF1F75A212A374BE007C5CDF /* Weibo.m */; };
		EF1F75E612A37BDA007C5CDF /* Constants.h in Headers */ = {isa = PBXBuildFile; fileRef = EF1F75E512A37BDA007C5CDF /* Constants.h */; };
		EF1F768112A390F6007C5CDF /* HttpClient.h in Headers */ = {isa = PBXBuildFile; fileRef = EF1F767F12A390F6007C5CDF /* HttpClient.h */; };
		EF1F768212A390F6007C5CDF /* HttpClient.m in Sources */ = {isa = PBXBuildFile; fileRef = EF1F768012A390F6007C5CDF /* HttpClient.m */; };
		EF1F76B012A39700007C5CDF /* HttpMethodDelegate.h in Headers */ = {isa = PBXBuildFile; fileRef = EF1F76AF12A39700007C5CDF /* HttpMethodDelegate.h */; };
		EF1F76B512A397DC007C5CDF /* HttpResponse.h in Headers */ = {isa = PBXBuildFile; fileRef = EF1F76B312A397DC007C5CDF /* HttpResponse.h */; };
		EF1F76B612A397DC007C5CDF /* HttpResponse.m in Sources */ = {isa = PBXBuildFile; fileRef = EF1F76B412A397DC007C5CDF /* HttpResponse.m */; };
		EF1F76C812A39949007C5CDF /* BaseMethod.h in Headers */ = {isa = PBXBuildFile; fileRef = EF1F76C612A39949007C5CDF /* BaseMethod.h */; };
		EF1F76C912A39949007C5CDF /* BaseMethod.m in Sources */ = {isa = PBXBuildFile; fileRef = EF1F76C712A39949007C5CDF /* BaseMethod.m */; };
		EF1F772D12A3B6D9007C5CDF /* GetMethod.h in Headers */ = {isa = PBXBuildFile; fileRef = EF1F772B12A3B6D9007C5CDF /* GetMethod.h */; };
		EF1F772E12A3B6D9007C5CDF /* GetMethod.m in Sources */ = {isa = PBXBuildFile; fileRef = EF1F772C12A3B6D9007C5CDF /* GetMethod.m */; };
		EF1F773412A3B753007C5CDF /* PostMethod.h in Headers */ = {isa = PBXBuildFile; fileRef = EF1F773212A3B753007C5CDF /* PostMethod.h */; };
		EF1F773512A3B753007C5CDF /* PostMethod.m in Sources */ = {isa = PBXBuildFile; fileRef = EF1F773312A3B753007C5CDF /* PostMethod.m */; };
		EF1F773912A3B7FF007C5CDF /* PutMethod.h in Headers */ = {isa = PBXBuildFile; fileRef = EF1F773712A3B7FF007C5CDF /* PutMethod.h */; };
		EF1F773A12A3B7FF007C5CDF /* PutMethod.m in Sources */ = {isa = PBXBuildFile; fileRef = EF1F773812A3B7FF007C5CDF /* PutMethod.m */; };
		EF2D691512C07CDC0047631C /* escape.h in Headers */ = {isa = PBXBuildFile; fileRef = EF2D691412C07CDC0047631C /* escape.h */; };
		EF2D691712C07D060047631C /* escape.c in Sources */ = {isa = PBXBuildFile; fileRef = EF2D691612C07D060047631C /* escape.c */; };
		EF3E97D113936935006DF85C /* StringPart.h in Headers */ = {isa = PBXBuildFile; fileRef = EF3E97CF13936935006DF85C /* StringPart.h */; };
		EF3E97D213936935006DF85C /* StringPart.m in Sources */ = {isa = PBXBuildFile; fileRef = EF3E97D013936935006DF85C /* StringPart.m */; };
		EF5C161912CB1897001563EF /* FilePart.h in Headers */ = {isa = PBXBuildFile; fileRef = EF5C161712CB1897001563EF /* FilePart.h */; };
		EF5C161A12CB1897001563EF /* FilePart.m in Sources */ = {isa = PBXBuildFile; fileRef = EF5C161812CB1897001563EF /* FilePart.m */; };
		EF5C161F12CB1B02001563EF /* PartBase.h in Headers */ = {isa = PBXBuildFile; fileRef = EF5C161E12CB1B02001563EF /* PartBase.h */; };
		EF5C162712CB1C6C001563EF /* PartBase.m in Sources */ = {isa = PBXBuildFile; fileRef = EF5C162612CB1C6C001563EF /* PartBase.m */; };
		EF8BAB7512B623DB0083DFF2 /* Base64.h in Headers */ = {isa = PBXBuildFile; fileRef = EF8BAB6E12B623760083DFF2 /* Base64.h */; };
		EFBA4FCC12AF7AEE0054FC89 /* HttpClientTest.m in Sources */ = {isa = PBXBuildFile; fileRef = EFBA4FCB12AF7AEE0054FC89 /* HttpClientTest.m */; };
		EFBA511112AF8A4A0054FC89 /* Status.h in Headers */ = {isa = PBXBuildFile; fileRef = EFBA510F12AF8A4A0054FC89 /* Status.h */; };
		EFBA511212AF8A4A0054FC89 /* Status.m in Sources */ = {isa = PBXBuildFile; fileRef = EFBA511012AF8A4A0054FC89 /* Status.m */; };
		EFBA511512AF8A5E0054FC89 /* DirectMessage.h in Headers */ = {isa = PBXBuildFile; fileRef = EFBA511312AF8A5E0054FC89 /* DirectMessage.h */; };
		EFBA511612AF8A5E0054FC89 /* DirectMessage.m in Sources */ = {isa = PBXBuildFile; fileRef = EFBA511412AF8A5E0054FC89 /* DirectMessage.m */; };
		EFBA511912AF8A6A0054FC89 /* Comment.h in Headers */ = {isa = PBXBuildFile; fileRef = EFBA511712AF8A6A0054FC89 /* Comment.h */; };
		EFBA511A12AF8A6A0054FC89 /* Comment.m in Sources */ = {isa = PBXBuildFile; fileRef = EFBA511812AF8A6A0054FC89 /* Comment.m */; };
		EFBA511D12AF8A8B0054FC89 /* BaseStatus.h in Headers */ = {isa = PBXBuildFile; fileRef = EFBA511B12AF8A8B0054FC89 /* BaseStatus.h */; };
		EFBA511E12AF8A8B0054FC89 /* BaseStatus.m in Sources */ = {isa = PBXBuildFile; fileRef = EFBA511C12AF8A8B0054FC89 /* BaseStatus.m */; };
		EFBA519212AFA7AB0054FC89 /* User.h in Headers */ = {isa = PBXBuildFile; fileRef = EFBA519012AFA7AB0054FC89 /* User.h */; };
		EFBA519312AFA7AB0054FC89 /* User.m in Sources */ = {isa = PBXBuildFile; fileRef = EFBA519112AFA7AB0054FC89 /* User.m */; };
		EFC68EAF12B9DF910040629E /* InvalidParameterException.h in Headers */ = {isa = PBXBuildFile; fileRef = EFC68EAD12B9DF910040629E /* InvalidParameterException.h */; };
		EFC68EB012B9DF910040629E /* InvalidParameterException.m in Sources */ = {isa = PBXBuildFile; fileRef = EFC68EAE12B9DF910040629E /* InvalidParameterException.m */; };
		EFCA88D412BF49FE0055E513 /* ServerSideException.h in Headers */ = {isa = PBXBuildFile; fileRef = EFCA88D212BF49FE0055E513 /* ServerSideException.h */; };
		EFCA88D512BF49FE0055E513 /* ServerSideException.m in Sources */ = {isa = PBXBuildFile; fileRef = EFCA88D312BF49FE0055E513 /* ServerSideException.m */; };
		EFD8C06812CC6450003A86D2 /* MultipartPostMethod.h in Headers */ = {isa = PBXBuildFile; fileRef = EFD8C06612CC6450003A86D2 /* MultipartPostMethod.h */; };
		EFD8C06912CC6450003A86D2 /* MultipartPostMethod.m in Sources */ = {isa = PBXBuildFile; fileRef = EFD8C06712CC6450003A86D2 /* MultipartPostMethod.m */; };
		EFD8C09D12CC73DB003A86D2 /* NSStringAdditions.h in Headers */ = {isa = PBXBuildFile; fileRef = EFD8C09B12CC73DB003A86D2 /* NSStringAdditions.h */; };
		EFD8C09E12CC73DB003A86D2 /* NSStringAdditions.m in Sources */ = {isa = PBXBuildFile; fileRef = EFD8C09C12CC73DB003A86D2 /* NSStringAdditions.m */; };
		EFD8C0B412CC75BD003A86D2 /* NSDataAdditions.h in Headers */ = {isa = PBXBuildFile; fileRef = EFD8C0B212CC75BD003A86D2 /* NSDataAdditions.h */; };
		EFD8C0B512CC75BD003A86D2 /* NSDataAdditions.m in Sources */ = {isa = PBXBuildFile; fileRef = EFD8C0B312CC75BD003A86D2 /* NSDataAdditions.m */; };
		EFFB1B611393724C0089FA34 /* NSString_URLEncodingTest.m in Sources */ = {isa = PBXBuildFile; fileRef = C63626BA1384BA0D00689881 /* NSString_URLEncodingTest.m */; };
		EFFB1B621393724C0089FA34 /* OAConsumerTest.m in Sources */ = {isa = PBXBuildFile; fileRef = C63626BC1384BA0D00689881 /* OAConsumerTest.m */; };
		EFFB1B631393724C0089FA34 /* OAHMAC_SHA1SignatureProviderTest.m in Sources */ = {isa = PBXBuildFile; fileRef = C63626BE1384BA0D00689881 /* OAHMAC_SHA1SignatureProviderTest.m */; };
		EFFB1B641393724C0089FA34 /* OAPlaintextSignatureProviderTest.m in Sources */ = {isa = PBXBuildFile; fileRef = C63626C01384BA0D00689881 /* OAPlaintextSignatureProviderTest.m */; };
		EFFB1B651393724C0089FA34 /* OARequestParameterTest.m in Sources */ = {isa = PBXBuildFile; fileRef = C63626C21384BA0D00689881 /* OARequestParameterTest.m */; };
		EFFB1B661393724C0089FA34 /* OATokenTest.m in Sources */ = {isa = PBXBuildFile; fileRef = C63626C41384BA0D00689881 /* OATokenTest.m */; };
		EFFB1B671393724C0089FA34 /* OauthSingnatureTest.m in Sources */ = {isa = PBXBuildFile; fileRef = C63626C61384BA0D00689881 /* OauthSingnatureTest.m */; };
		EFFB1B681393724C0089FA34 /* RandomStringGeneratorTest.m in Sources */ = {isa = PBXBuildFile; fileRef = C63626C81384BA0D00689881 /* RandomStringGeneratorTest.m */; };
		EFFB1B691393724C0089FA34 /* XauthSignatureTest.m in Sources */ = {isa = PBXBuildFile; fileRef = C63626CA1384BA0D00689881 /* XauthSignatureTest.m */; };
		EFFE32EF12A498D900A80C69 /* HttpMethod.h in Headers */ = {isa = PBXBuildFile; fileRef = EFFE32ED12A498D900A80C69 /* HttpMethod.h */; };
		EFFE32F012A498D900A80C69 /* HttpMethod.m in Sources */ = {isa = PBXBuildFile; fileRef = EFFE32EE12A498D900A80C69 /* HttpMethod.m */; };
/* End PBXBuildFile section */

/* Begin PBXFileReference section */
		AA747D9E0F9514B9006C5449 /* weibo4objc_Prefix.pch */ = {isa = PBXFileReference; fileEncoding = 4; lastKnownFileType = sourcecode.c.h; path = weibo4objc_Prefix.pch; sourceTree = SOURCE_ROOT; };
		AACBBE490F95108600F1A2B1 /* Foundation.framework */ = {isa = PBXFileReference; lastKnownFileType = wrapper.framework; name = Foundation.framework; path = System/Library/Frameworks/Foundation.framework; sourceTree = SDKROOT; };
		C63626A51384BA0D00689881 /* Base64Transcoder.c */ = {isa = PBXFileReference; fileEncoding = 4; lastKnownFileType = sourcecode.c.c; path = Base64Transcoder.c; sourceTree = "<group>"; };
		C63626A61384BA0D00689881 /* Base64Transcoder.h */ = {isa = PBXFileReference; fileEncoding = 4; lastKnownFileType = sourcecode.c.h; path = Base64Transcoder.h; sourceTree = "<group>"; };
		C63626A71384BA0D00689881 /* NSString+URLEncoding.h */ = {isa = PBXFileReference; fileEncoding = 4; lastKnownFileType = sourcecode.c.h; path = "NSString+URLEncoding.h"; sourceTree = "<group>"; };
		C63626A81384BA0D00689881 /* NSString+URLEncoding.m */ = {isa = PBXFileReference; fileEncoding = 4; lastKnownFileType = sourcecode.c.objc; path = "NSString+URLEncoding.m"; sourceTree = "<group>"; };
		C63626A91384BA0D00689881 /* OAConsumer.h */ = {isa = PBXFileReference; fileEncoding = 4; lastKnownFileType = sourcecode.c.h; path = OAConsumer.h; sourceTree = "<group>"; };
		C63626AA1384BA0D00689881 /* OAConsumer.m */ = {isa = PBXFileReference; fileEncoding = 4; lastKnownFileType = sourcecode.c.objc; path = OAConsumer.m; sourceTree = "<group>"; };
		C63626AB1384BA0D00689881 /* OAHMAC_SHA1SignatureProvider.h */ = {isa = PBXFileReference; fileEncoding = 4; lastKnownFileType = sourcecode.c.h; path = OAHMAC_SHA1SignatureProvider.h; sourceTree = "<group>"; };
		C63626AC1384BA0D00689881 /* OAHMAC_SHA1SignatureProvider.m */ = {isa = PBXFileReference; fileEncoding = 4; lastKnownFileType = sourcecode.c.objc; path = OAHMAC_SHA1SignatureProvider.m; sourceTree = "<group>"; };
		C63626AD1384BA0D00689881 /* OAPlaintextSignatureProvider.h */ = {isa = PBXFileReference; fileEncoding = 4; lastKnownFileType = sourcecode.c.h; path = OAPlaintextSignatureProvider.h; sourceTree = "<group>"; };
		C63626AE1384BA0D00689881 /* OAPlaintextSignatureProvider.m */ = {isa = PBXFileReference; fileEncoding = 4; lastKnownFileType = sourcecode.c.objc; path = OAPlaintextSignatureProvider.m; sourceTree = "<group>"; };
		C63626AF1384BA0D00689881 /* OARequestParameter.h */ = {isa = PBXFileReference; fileEncoding = 4; lastKnownFileType = sourcecode.c.h; path = OARequestParameter.h; sourceTree = "<group>"; };
		C63626B01384BA0D00689881 /* OARequestParameter.m */ = {isa = PBXFileReference; fileEncoding = 4; lastKnownFileType = sourcecode.c.objc; path = OARequestParameter.m; sourceTree = "<group>"; };
		C63626B11384BA0D00689881 /* OASignatureProviding.h */ = {isa = PBXFileReference; fileEncoding = 4; lastKnownFileType = sourcecode.c.h; path = OASignatureProviding.h; sourceTree = "<group>"; };
		C63626B21384BA0D00689881 /* OAToken.h */ = {isa = PBXFileReference; fileEncoding = 4; lastKnownFileType = sourcecode.c.h; path = OAToken.h; sourceTree = "<group>"; };
		C63626B31384BA0D00689881 /* OAToken.m */ = {isa = PBXFileReference; fileEncoding = 4; lastKnownFileType = sourcecode.c.objc; path = OAToken.m; sourceTree = "<group>"; };
		C63626B41384BA0D00689881 /* OauthSingnature.h */ = {isa = PBXFileReference; fileEncoding = 4; lastKnownFileType = sourcecode.c.h; path = OauthSingnature.h; sourceTree = "<group>"; };
		C63626B51384BA0D00689881 /* OauthSingnature.m */ = {isa = PBXFileReference; fileEncoding = 4; lastKnownFileType = sourcecode.c.objc; path = OauthSingnature.m; sourceTree = "<group>"; };
		C63626B61384BA0D00689881 /* RandomStringGenerator.h */ = {isa = PBXFileReference; fileEncoding = 4; lastKnownFileType = sourcecode.c.h; path = RandomStringGenerator.h; sourceTree = "<group>"; };
		C63626B71384BA0D00689881 /* RandomStringGenerator.m */ = {isa = PBXFileReference; fileEncoding = 4; lastKnownFileType = sourcecode.c.objc; path = RandomStringGenerator.m; sourceTree = "<group>"; };
		C63626B91384BA0D00689881 /* NSString_URLEncodingTest.h */ = {isa = PBXFileReference; fileEncoding = 4; lastKnownFileType = sourcecode.c.h; path = NSString_URLEncodingTest.h; sourceTree = "<group>"; };
		C63626BA1384BA0D00689881 /* NSString_URLEncodingTest.m */ = {isa = PBXFileReference; fileEncoding = 4; lastKnownFileType = sourcecode.c.objc; path = NSString_URLEncodingTest.m; sourceTree = "<group>"; };
		C63626BB1384BA0D00689881 /* OAConsumerTest.h */ = {isa = PBXFileReference; fileEncoding = 4; lastKnownFileType = sourcecode.c.h; path = OAConsumerTest.h; sourceTree = "<group>"; };
		C63626BC1384BA0D00689881 /* OAConsumerTest.m */ = {isa = PBXFileReference; fileEncoding = 4; lastKnownFileType = sourcecode.c.objc; path = OAConsumerTest.m; sourceTree = "<group>"; };
		C63626BD1384BA0D00689881 /* OAHMAC_SHA1SignatureProviderTest.h */ = {isa = PBXFileReference; fileEncoding = 4; lastKnownFileType = sourcecode.c.h; path = OAHMAC_SHA1SignatureProviderTest.h; sourceTree = "<group>"; };
		C63626BE1384BA0D00689881 /* OAHMAC_SHA1SignatureProviderTest.m */ = {isa = PBXFileReference; fileEncoding = 4; lastKnownFileType = sourcecode.c.objc; path = OAHMAC_SHA1SignatureProviderTest.m; sourceTree = "<group>"; };
		C63626BF1384BA0D00689881 /* OAPlaintextSignatureProviderTest.h */ = {isa = PBXFileReference; fileEncoding = 4; lastKnownFileType = sourcecode.c.h; path = OAPlaintextSignatureProviderTest.h; sourceTree = "<group>"; };
		C63626C01384BA0D00689881 /* OAPlaintextSignatureProviderTest.m */ = {isa = PBXFileReference; fileEncoding = 4; lastKnownFileType = sourcecode.c.objc; path = OAPlaintextSignatureProviderTest.m; sourceTree = "<group>"; };
		C63626C11384BA0D00689881 /* OARequestParameterTest.h */ = {isa = PBXFileReference; fileEncoding = 4; lastKnownFileType = sourcecode.c.h; path = OARequestParameterTest.h; sourceTree = "<group>"; };
		C63626C21384BA0D00689881 /* OARequestParameterTest.m */ = {isa = PBXFileReference; fileEncoding = 4; lastKnownFileType = sourcecode.c.objc; path = OARequestParameterTest.m; sourceTree = "<group>"; };
		C63626C31384BA0D00689881 /* OATokenTest.h */ = {isa = PBXFileReference; fileEncoding = 4; lastKnownFileType = sourcecode.c.h; path = OATokenTest.h; sourceTree = "<group>"; };
		C63626C41384BA0D00689881 /* OATokenTest.m */ = {isa = PBXFileReference; fileEncoding = 4; lastKnownFileType = sourcecode.c.objc; path = OATokenTest.m; sourceTree = "<group>"; };
		C63626C51384BA0D00689881 /* OauthSingnatureTest.h */ = {isa = PBXFileReference; fileEncoding = 4; lastKnownFileType = sourcecode.c.h; path = OauthSingnatureTest.h; sourceTree = "<group>"; };
		C63626C61384BA0D00689881 /* OauthSingnatureTest.m */ = {isa = PBXFileReference; fileEncoding = 4; lastKnownFileType = sourcecode.c.objc; path = OauthSingnatureTest.m; sourceTree = "<group>"; };
		C63626C71384BA0D00689881 /* RandomStringGeneratorTest.h */ = {isa = PBXFileReference; fileEncoding = 4; lastKnownFileType = sourcecode.c.h; path = RandomStringGeneratorTest.h; sourceTree = "<group>"; };
		C63626C81384BA0D00689881 /* RandomStringGeneratorTest.m */ = {isa = PBXFileReference; fileEncoding = 4; lastKnownFileType = sourcecode.c.objc; path = RandomStringGeneratorTest.m; sourceTree = "<group>"; };
		C63626C91384BA0D00689881 /* XauthSignatureTest.h */ = {isa = PBXFileReference; fileEncoding = 4; lastKnownFileType = sourcecode.c.h; path = XauthSignatureTest.h; sourceTree = "<group>"; };
		C63626CA1384BA0D00689881 /* XauthSignatureTest.m */ = {isa = PBXFileReference; fileEncoding = 4; lastKnownFileType = sourcecode.c.objc; path = XauthSignatureTest.m; sourceTree = "<group>"; };
		EF18D4A712BEF4ED00382796 /* ServerSideError.h */ = {isa = PBXFileReference; fileEncoding = 4; lastKnownFileType = sourcecode.c.h; path = ServerSideError.h; sourceTree = "<group>"; };
		EF18D4A812BEF4ED00382796 /* ServerSideError.m */ = {isa = PBXFileReference; fileEncoding = 4; lastKnownFileType = sourcecode.c.objc; path = ServerSideError.m; sourceTree = "<group>"; };
		EF1D1D6712B71F21000D718C /* XmlStatusParser.h */ = {isa = PBXFileReference; fileEncoding = 4; lastKnownFileType = sourcecode.c.h; path = XmlStatusParser.h; sourceTree = "<group>"; };
		EF1D1D6812B71F21000D718C /* XmlStatusParser.m */ = {isa = PBXFileReference; fileEncoding = 4; lastKnownFileType = sourcecode.c.objc; path = XmlStatusParser.m; sourceTree = "<group>"; };
		EF1D1D6F12B71F6A000D718C /* JsonStatusParser.h */ = {isa = PBXFileReference; fileEncoding = 4; lastKnownFileType = sourcecode.c.h; path = JsonStatusParser.h; sourceTree = "<group>"; };
		EF1D1D7012B71F6A000D718C /* JsonStatusParser.m */ = {isa = PBXFileReference; fileEncoding = 4; lastKnownFileType = sourcecode.c.objc; path = JsonStatusParser.m; sourceTree = "<group>"; };
		EF1D1D7A12B73589000D718C /* libxml2.2.7.3.dylib */ = {isa = PBXFileReference; lastKnownFileType = "compiled.mach-o.dylib"; name = libxml2.2.7.3.dylib; path = usr/lib/libxml2.2.7.3.dylib; sourceTree = SDKROOT; };
		EF1D1DD912B74ED7000D718C /* JSON.h */ = {isa = PBXFileReference; fileEncoding = 4; lastKnownFileType = sourcecode.c.h; path = JSON.h; sourceTree = "<group>"; };
		EF1D1DDA12B74ED7000D718C /* NSObject+SBJSON.h */ = {isa = PBXFileReference; fileEncoding = 4; lastKnownFileType = sourcecode.c.h; path = "NSObject+SBJSON.h"; sourceTree = "<group>"; };
		EF1D1DDB12B74ED7000D718C /* NSObject+SBJSON.m */ = {isa = PBXFileReference; fileEncoding = 4; lastKnownFileType = sourcecode.c.objc; path = "NSObject+SBJSON.m"; sourceTree = "<group>"; };
		EF1D1DDC12B74ED7000D718C /* NSString+SBJSON.h */ = {isa = PBXFileReference; fileEncoding = 4; lastKnownFileType = sourcecode.c.h; path = "NSString+SBJSON.h"; sourceTree = "<group>"; };
		EF1D1DDD12B74ED7000D718C /* NSString+SBJSON.m */ = {isa = PBXFileReference; fileEncoding = 4; lastKnownFileType = sourcecode.c.objc; path = "NSString+SBJSON.m"; sourceTree = "<group>"; };
		EF1D1DDE12B74ED7000D718C /* SBJsonBase.h */ = {isa = PBXFileReference; fileEncoding = 4; lastKnownFileType = sourcecode.c.h; path = SBJsonBase.h; sourceTree = "<group>"; };
		EF1D1DDF12B74ED7000D718C /* SBJsonBase.m */ = {isa = PBXFileReference; fileEncoding = 4; lastKnownFileType = sourcecode.c.objc; path = SBJsonBase.m; sourceTree = "<group>"; };
		EF1D1DE012B74ED7000D718C /* SBJsonParser.h */ = {isa = PBXFileReference; fileEncoding = 4; lastKnownFileType = sourcecode.c.h; path = SBJsonParser.h; sourceTree = "<group>"; };
		EF1D1DE112B74ED7000D718C /* SBJsonParser.m */ = {isa = PBXFileReference; fileEncoding = 4; lastKnownFileType = sourcecode.c.objc; path = SBJsonParser.m; sourceTree = "<group>"; };
		EF1D1DE212B74ED7000D718C /* SBJsonWriter.h */ = {isa = PBXFileReference; fileEncoding = 4; lastKnownFileType = sourcecode.c.h; path = SBJsonWriter.h; sourceTree = "<group>"; };
		EF1D1DE312B74ED7000D718C /* SBJsonWriter.m */ = {isa = PBXFileReference; fileEncoding = 4; lastKnownFileType = sourcecode.c.objc; path = SBJsonWriter.m; sourceTree = "<group>"; };
		EF1F75A112A374BE007C5CDF /* Weibo.h */ = {isa = PBXFileReference; fileEncoding = 4; lastKnownFileType = sourcecode.c.h; path = Weibo.h; sourceTree = "<group>"; };
		EF1F75A212A374BE007C5CDF /* Weibo.m */ = {isa = PBXFileReference; fileEncoding = 4; lastKnownFileType = sourcecode.c.objc; path = Weibo.m; sourceTree = "<group>"; };
		EF1F75E512A37BDA007C5CDF /* Constants.h */ = {isa = PBXFileReference; fileEncoding = 4; lastKnownFileType = sourcecode.c.h; path = Constants.h; sourceTree = "<group>"; };
		EF1F767F12A390F6007C5CDF /* HttpClient.h */ = {isa = PBXFileReference; fileEncoding = 4; lastKnownFileType = sourcecode.c.h; path = HttpClient.h; sourceTree = "<group>"; };
		EF1F768012A390F6007C5CDF /* HttpClient.m */ = {isa = PBXFileReference; fileEncoding = 4; lastKnownFileType = sourcecode.c.objc; path = HttpClient.m; sourceTree = "<group>"; };
		EF1F76AF12A39700007C5CDF /* HttpMethodDelegate.h */ = {isa = PBXFileReference; fileEncoding = 4; lastKnownFileType = sourcecode.c.h; path = HttpMethodDelegate.h; sourceTree = "<group>"; };
		EF1F76B312A397DC007C5CDF /* HttpResponse.h */ = {isa = PBXFileReference; fileEncoding = 4; lastKnownFileType = sourcecode.c.h; name = HttpResponse.h; path = method/HttpResponse.h; sourceTree = "<group>"; };
		EF1F76B412A397DC007C5CDF /* HttpResponse.m */ = {isa = PBXFileReference; fileEncoding = 4; lastKnownFileType = sourcecode.c.objc; name = HttpResponse.m; path = method/HttpResponse.m; sourceTree = "<group>"; };
		EF1F76C612A39949007C5CDF /* BaseMethod.h */ = {isa = PBXFileReference; fileEncoding = 4; lastKnownFileType = sourcecode.c.h; path = BaseMethod.h; sourceTree = "<group>"; };
		EF1F76C712A39949007C5CDF /* BaseMethod.m */ = {isa = PBXFileReference; fileEncoding = 4; lastKnownFileType = sourcecode.c.objc; path = BaseMethod.m; sourceTree = "<group>"; };
		EF1F772B12A3B6D9007C5CDF /* GetMethod.h */ = {isa = PBXFileReference; fileEncoding = 4; lastKnownFileType = sourcecode.c.h; path = GetMethod.h; sourceTree = "<group>"; };
		EF1F772C12A3B6D9007C5CDF /* GetMethod.m */ = {isa = PBXFileReference; fileEncoding = 4; lastKnownFileType = sourcecode.c.objc; path = GetMethod.m; sourceTree = "<group>"; };
		EF1F773212A3B753007C5CDF /* PostMethod.h */ = {isa = PBXFileReference; fileEncoding = 4; lastKnownFileType = sourcecode.c.h; path = PostMethod.h; sourceTree = "<group>"; };
		EF1F773312A3B753007C5CDF /* PostMethod.m */ = {isa = PBXFileReference; fileEncoding = 4; lastKnownFileType = sourcecode.c.objc; path = PostMethod.m; sourceTree = "<group>"; };
		EF1F773712A3B7FF007C5CDF /* PutMethod.h */ = {isa = PBXFileReference; fileEncoding = 4; lastKnownFileType = sourcecode.c.h; path = PutMethod.h; sourceTree = "<group>"; };
		EF1F773812A3B7FF007C5CDF /* PutMethod.m */ = {isa = PBXFileReference; fileEncoding = 4; lastKnownFileType = sourcecode.c.objc; path = PutMethod.m; sourceTree = "<group>"; };
		EF2D691412C07CDC0047631C /* escape.h */ = {isa = PBXFileReference; fileEncoding = 4; lastKnownFileType = sourcecode.c.h; path = escape.h; sourceTree = "<group>"; };
		EF2D691612C07D060047631C /* escape.c */ = {isa = PBXFileReference; fileEncoding = 4; lastKnownFileType = sourcecode.c.c; path = escape.c; sourceTree = "<group>"; };
		EF36FC1D12ACB536004E8371 /* UnitTest-Info.plist */ = {isa = PBXFileReference; lastKnownFileType = text.plist.xml; path = "UnitTest-Info.plist"; sourceTree = "<group>"; };
		EF39795512A8BCDF00C6A580 /* unit-Info.plist */ = {isa = PBXFileReference; lastKnownFileType = text.plist.xml; path = "unit-Info.plist"; sourceTree = "<group>"; };
		EF3E97CF13936935006DF85C /* StringPart.h */ = {isa = PBXFileReference; fileEncoding = 4; lastKnownFileType = sourcecode.c.h; path = StringPart.h; sourceTree = "<group>"; };
		EF3E97D013936935006DF85C /* StringPart.m */ = {isa = PBXFileReference; fileEncoding = 4; lastKnownFileType = sourcecode.c.objc; path = StringPart.m; sourceTree = "<group>"; };
		EF5C161712CB1897001563EF /* FilePart.h */ = {isa = PBXFileReference; fileEncoding = 4; lastKnownFileType = sourcecode.c.h; path = FilePart.h; sourceTree = "<group>"; };
		EF5C161812CB1897001563EF /* FilePart.m */ = {isa = PBXFileReference; fileEncoding = 4; lastKnownFileType = sourcecode.c.objc; path = FilePart.m; sourceTree = "<group>"; };
		EF5C161E12CB1B02001563EF /* PartBase.h */ = {isa = PBXFileReference; fileEncoding = 4; lastKnownFileType = sourcecode.c.h; path = PartBase.h; sourceTree = "<group>"; };
		EF5C162612CB1C6C001563EF /* PartBase.m */ = {isa = PBXFileReference; fileEncoding = 4; lastKnownFileType = sourcecode.c.objc; path = PartBase.m; sourceTree = "<group>"; };
		EF6835E812ACDBDD00250D3A /* Untitled-Info.plist */ = {isa = PBXFileReference; lastKnownFileType = text.plist.xml; path = "Untitled-Info.plist"; sourceTree = "<group>"; };
		EF8BAB6E12B623760083DFF2 /* Base64.h */ = {isa = PBXFileReference; fileEncoding = 4; lastKnownFileType = sourcecode.c.h; path = Base64.h; sourceTree = "<group>"; };
		EF8BAB6F12B623760083DFF2 /* Base64.m */ = {isa = PBXFileReference; fileEncoding = 4; lastKnownFileType = sourcecode.c.objc; path = Base64.m; sourceTree = "<group>"; };
		EFBA4FBE12AF7A200054FC89 /* unit.octest */ = {isa = PBXFileReference; explicitFileType = wrapper.cfbundle; includeInIndex = 0; name = unit.octest; path = "/Users/fanngyuan/Documents/workspace/weibo4objc/weibo4objc/build/Release-iphoneos/unit.octest"; sourceTree = "<absolute>"; };
		EFBA4FCA12AF7AEE0054FC89 /* HttpClientTest.h */ = {isa = PBXFileReference; fileEncoding = 4; lastKnownFileType = sourcecode.c.h; path = HttpClientTest.h; sourceTree = "<group>"; };
		EFBA4FCB12AF7AEE0054FC89 /* HttpClientTest.m */ = {isa = PBXFileReference; fileEncoding = 4; lastKnownFileType = sourcecode.c.objc; path = HttpClientTest.m; sourceTree = "<group>"; };
		EFBA510F12AF8A4A0054FC89 /* Status.h */ = {isa = PBXFileReference; fileEncoding = 4; lastKnownFileType = sourcecode.c.h; path = Status.h; sourceTree = "<group>"; };
		EFBA511012AF8A4A0054FC89 /* Status.m */ = {isa = PBXFileReference; fileEncoding = 4; lastKnownFileType = sourcecode.c.objc; path = Status.m; sourceTree = "<group>"; };
		EFBA511312AF8A5E0054FC89 /* DirectMessage.h */ = {isa = PBXFileReference; fileEncoding = 4; lastKnownFileType = sourcecode.c.h; path = DirectMessage.h; sourceTree = "<group>"; };
		EFBA511412AF8A5E0054FC89 /* DirectMessage.m */ = {isa = PBXFileReference; fileEncoding = 4; lastKnownFileType = sourcecode.c.objc; path = DirectMessage.m; sourceTree = "<group>"; };
		EFBA511712AF8A6A0054FC89 /* Comment.h */ = {isa = PBXFileReference; fileEncoding = 4; lastKnownFileType = sourcecode.c.h; path = Comment.h; sourceTree = "<group>"; };
		EFBA511812AF8A6A0054FC89 /* Comment.m */ = {isa = PBXFileReference; fileEncoding = 4; lastKnownFileType = sourcecode.c.objc; path = Comment.m; sourceTree = "<group>"; };
		EFBA511B12AF8A8B0054FC89 /* BaseStatus.h */ = {isa = PBXFileReference; fileEncoding = 4; lastKnownFileType = sourcecode.c.h; path = BaseStatus.h; sourceTree = "<group>"; };
		EFBA511C12AF8A8B0054FC89 /* BaseStatus.m */ = {isa = PBXFileReference; fileEncoding = 4; lastKnownFileType = sourcecode.c.objc; path = BaseStatus.m; sourceTree = "<group>"; };
		EFBA519012AFA7AB0054FC89 /* User.h */ = {isa = PBXFileReference; fileEncoding = 4; lastKnownFileType = sourcecode.c.h; path = User.h; sourceTree = "<group>"; };
		EFBA519112AFA7AB0054FC89 /* User.m */ = {isa = PBXFileReference; fileEncoding = 4; lastKnownFileType = sourcecode.c.objc; path = User.m; sourceTree = "<group>"; };
		EFBA523612AFB9920054FC89 /* testApp-Info.plist */ = {isa = PBXFileReference; lastKnownFileType = text.plist.xml; path = "testApp-Info.plist"; sourceTree = "<group>"; };
		EFBA524012AFB9D90054FC89 /* main.h */ = {isa = PBXFileReference; fileEncoding = 4; lastKnownFileType = sourcecode.c.h; path = main.h; sourceTree = "<group>"; };
		EFBA524112AFB9D90054FC89 /* main.m */ = {isa = PBXFileReference; fileEncoding = 4; lastKnownFileType = sourcecode.c.objc; path = main.m; sourceTree = "<group>"; };
		EFC68EA612B9DA330040629E /* test.xib */ = {isa = PBXFileReference; lastKnownFileType = file.xib; path = test.xib; sourceTree = "<group>"; };
		EFC68EAD12B9DF910040629E /* InvalidParameterException.h */ = {isa = PBXFileReference; fileEncoding = 4; lastKnownFileType = sourcecode.c.h; path = InvalidParameterException.h; sourceTree = "<group>"; };
		EFC68EAE12B9DF910040629E /* InvalidParameterException.m */ = {isa = PBXFileReference; fileEncoding = 4; lastKnownFileType = sourcecode.c.objc; path = InvalidParameterException.m; sourceTree = "<group>"; };
		EFCA88D212BF49FE0055E513 /* ServerSideException.h */ = {isa = PBXFileReference; fileEncoding = 4; lastKnownFileType = sourcecode.c.h; path = ServerSideException.h; sourceTree = "<group>"; };
		EFCA88D312BF49FE0055E513 /* ServerSideException.m */ = {isa = PBXFileReference; fileEncoding = 4; lastKnownFileType = sourcecode.c.objc; path = ServerSideException.m; sourceTree = "<group>"; };
		EFD8C06612CC6450003A86D2 /* MultipartPostMethod.h */ = {isa = PBXFileReference; fileEncoding = 4; lastKnownFileType = sourcecode.c.h; path = MultipartPostMethod.h; sourceTree = "<group>"; };
		EFD8C06712CC6450003A86D2 /* MultipartPostMethod.m */ = {isa = PBXFileReference; fileEncoding = 4; lastKnownFileType = sourcecode.c.objc; path = MultipartPostMethod.m; sourceTree = "<group>"; };
		EFD8C09B12CC73DB003A86D2 /* NSStringAdditions.h */ = {isa = PBXFileReference; fileEncoding = 4; lastKnownFileType = sourcecode.c.h; path = NSStringAdditions.h; sourceTree = "<group>"; };
		EFD8C09C12CC73DB003A86D2 /* NSStringAdditions.m */ = {isa = PBXFileReference; fileEncoding = 4; lastKnownFileType = sourcecode.c.objc; path = NSStringAdditions.m; sourceTree = "<group>"; };
		EFD8C0B212CC75BD003A86D2 /* NSDataAdditions.h */ = {isa = PBXFileReference; fileEncoding = 4; lastKnownFileType = sourcecode.c.h; path = NSDataAdditions.h; sourceTree = "<group>"; };
		EFD8C0B312CC75BD003A86D2 /* NSDataAdditions.m */ = {isa = PBXFileReference; fileEncoding = 4; lastKnownFileType = sourcecode.c.objc; path = NSDataAdditions.m; sourceTree = "<group>"; };
		EFFB1B8813937A5F0089FA34 /* libweibo4objc.a */ = {isa = PBXFileReference; explicitFileType = archive.ar; includeInIndex = 0; path = libweibo4objc.a; sourceTree = BUILT_PRODUCTS_DIR; };
		EFFE32ED12A498D900A80C69 /* HttpMethod.h */ = {isa = PBXFileReference; fileEncoding = 4; lastKnownFileType = sourcecode.c.h; path = HttpMethod.h; sourceTree = "<group>"; };
		EFFE32EE12A498D900A80C69 /* HttpMethod.m */ = {isa = PBXFileReference; fileEncoding = 4; lastKnownFileType = sourcecode.c.objc; path = HttpMethod.m; sourceTree = "<group>"; };
/* End PBXFileReference section */

/* Begin PBXFrameworksBuildPhase section */
		D2AAC07C0554694100DB518D /* Frameworks */ = {
			isa = PBXFrameworksBuildPhase;
			buildActionMask = 2147483647;
			files = (
				AACBBE4A0F95108600F1A2B1 /* Foundation.framework in Frameworks */,
			);
			runOnlyForDeploymentPostprocessing = 0;
		};
		EFBA4FBB12AF7A200054FC89 /* Frameworks */ = {
			isa = PBXFrameworksBuildPhase;
			buildActionMask = 2147483647;
			files = (
			);
			runOnlyForDeploymentPostprocessing = 0;
		};
/* End PBXFrameworksBuildPhase section */

/* Begin PBXGroup section */
		034768DFFF38A50411DB9C8B /* Products */ = {
			isa = PBXGroup;
			children = (
				EFFB1B8813937A5F0089FA34 /* libweibo4objc.a */,
			);
			name = Products;
			sourceTree = "<group>";
		};
		0867D691FE84028FC02AAC07 /* weibo4objc */ = {
			isa = PBXGroup;
			children = (
				08FB77AEFE84172EC02AAC07 /* Classes */,
				32C88DFF0371C24200C91783 /* Other Sources */,
				0867D69AFE84028FC02AAC07 /* Frameworks */,
				034768DFFF38A50411DB9C8B /* Products */,
				EF39795512A8BCDF00C6A580 /* unit-Info.plist */,
				EF36FC1D12ACB536004E8371 /* UnitTest-Info.plist */,
				EF6835E812ACDBDD00250D3A /* Untitled-Info.plist */,
				EFBA523612AFB9920054FC89 /* testApp-Info.plist */,
			);
			name = weibo4objc;
			sourceTree = "<group>";
		};
		0867D69AFE84028FC02AAC07 /* Frameworks */ = {
			isa = PBXGroup;
			children = (
				AACBBE490F95108600F1A2B1 /* Foundation.framework */,
				EF1D1D7A12B73589000D718C /* libxml2.2.7.3.dylib */,
			);
			name = Frameworks;
			sourceTree = "<group>";
		};
		08FB77AEFE84172EC02AAC07 /* Classes */ = {
			isa = PBXGroup;
			children = (
				EFC68EAC12B9DF5A0040629E /* exception */,
				EF1D1D6612B71EE4000D718C /* parser */,
				EF8BAAF712B61ACB0083DFF2 /* basicAuth */,
				EFBA510B12AF89E80054FC89 /* adt */,
				EFBA4FC812AF7A600054FC89 /* test */,
				C63626A41384BA0D00689881 /* oauthConsumer */,
				EF1F75A012A3748A007C5CDF /* httpClient */,
				EF1F75A112A374BE007C5CDF /* Weibo.h */,
				EF1F75A212A374BE007C5CDF /* Weibo.m */,
				EF1F75E512A37BDA007C5CDF /* Constants.h */,
			);
			name = Classes;
			sourceTree = "<group>";
		};
		32C88DFF0371C24200C91783 /* Other Sources */ = {
			isa = PBXGroup;
			children = (
				AA747D9E0F9514B9006C5449 /* weibo4objc_Prefix.pch */,
			);
			name = "Other Sources";
			sourceTree = "<group>";
		};
		C63626A41384BA0D00689881 /* oauthConsumer */ = {
			isa = PBXGroup;
			children = (
				C63626A51384BA0D00689881 /* Base64Transcoder.c */,
				C63626A61384BA0D00689881 /* Base64Transcoder.h */,
				C63626A71384BA0D00689881 /* NSString+URLEncoding.h */,
				C63626A81384BA0D00689881 /* NSString+URLEncoding.m */,
				C63626A91384BA0D00689881 /* OAConsumer.h */,
				C63626AA1384BA0D00689881 /* OAConsumer.m */,
				C63626AB1384BA0D00689881 /* OAHMAC_SHA1SignatureProvider.h */,
				C63626AC1384BA0D00689881 /* OAHMAC_SHA1SignatureProvider.m */,
				C63626AD1384BA0D00689881 /* OAPlaintextSignatureProvider.h */,
				C63626AE1384BA0D00689881 /* OAPlaintextSignatureProvider.m */,
				C63626AF1384BA0D00689881 /* OARequestParameter.h */,
				C63626B01384BA0D00689881 /* OARequestParameter.m */,
				C63626B11384BA0D00689881 /* OASignatureProviding.h */,
				C63626B21384BA0D00689881 /* OAToken.h */,
				C63626B31384BA0D00689881 /* OAToken.m */,
				C63626B41384BA0D00689881 /* OauthSingnature.h */,
				C63626B51384BA0D00689881 /* OauthSingnature.m */,
				C63626B61384BA0D00689881 /* RandomStringGenerator.h */,
				C63626B71384BA0D00689881 /* RandomStringGenerator.m */,
				C63626B81384BA0D00689881 /* test */,
			);
			path = oauthConsumer;
			sourceTree = "<group>";
		};
		C63626B81384BA0D00689881 /* test */ = {
			isa = PBXGroup;
			children = (
				C63626B91384BA0D00689881 /* NSString_URLEncodingTest.h */,
				C63626BA1384BA0D00689881 /* NSString_URLEncodingTest.m */,
				C63626BB1384BA0D00689881 /* OAConsumerTest.h */,
				C63626BC1384BA0D00689881 /* OAConsumerTest.m */,
				C63626BD1384BA0D00689881 /* OAHMAC_SHA1SignatureProviderTest.h */,
				C63626BE1384BA0D00689881 /* OAHMAC_SHA1SignatureProviderTest.m */,
				C63626BF1384BA0D00689881 /* OAPlaintextSignatureProviderTest.h */,
				C63626C01384BA0D00689881 /* OAPlaintextSignatureProviderTest.m */,
				C63626C11384BA0D00689881 /* OARequestParameterTest.h */,
				C63626C21384BA0D00689881 /* OARequestParameterTest.m */,
				C63626C31384BA0D00689881 /* OATokenTest.h */,
				C63626C41384BA0D00689881 /* OATokenTest.m */,
				C63626C51384BA0D00689881 /* OauthSingnatureTest.h */,
				C63626C61384BA0D00689881 /* OauthSingnatureTest.m */,
				C63626C71384BA0D00689881 /* RandomStringGeneratorTest.h */,
				C63626C81384BA0D00689881 /* RandomStringGeneratorTest.m */,
				C63626C91384BA0D00689881 /* XauthSignatureTest.h */,
				C63626CA1384BA0D00689881 /* XauthSignatureTest.m */,
			);
			path = test;
			sourceTree = "<group>";
		};
		EF1D1D6612B71EE4000D718C /* parser */ = {
			isa = PBXGroup;
			children = (
				EF1D1DD612B74E9D000D718C /* jsonFramework */,
				EF1D1D6712B71F21000D718C /* XmlStatusParser.h */,
				EF1D1D6812B71F21000D718C /* XmlStatusParser.m */,
				EF1D1D6F12B71F6A000D718C /* JsonStatusParser.h */,
				EF1D1D7012B71F6A000D718C /* JsonStatusParser.m */,
			);
			path = parser;
			sourceTree = "<group>";
		};
		EF1D1DD612B74E9D000D718C /* jsonFramework */ = {
			isa = PBXGroup;
			children = (
				EF1D1DD912B74ED7000D718C /* JSON.h */,
				EF1D1DDA12B74ED7000D718C /* NSObject+SBJSON.h */,
				EF1D1DDB12B74ED7000D718C /* NSObject+SBJSON.m */,
				EF1D1DDC12B74ED7000D718C /* NSString+SBJSON.h */,
				EF1D1DDD12B74ED7000D718C /* NSString+SBJSON.m */,
				EF1D1DDE12B74ED7000D718C /* SBJsonBase.h */,
				EF1D1DDF12B74ED7000D718C /* SBJsonBase.m */,
				EF1D1DE012B74ED7000D718C /* SBJsonParser.h */,
				EF1D1DE112B74ED7000D718C /* SBJsonParser.m */,
				EF1D1DE212B74ED7000D718C /* SBJsonWriter.h */,
				EF1D1DE312B74ED7000D718C /* SBJsonWriter.m */,
			);
			path = jsonFramework;
			sourceTree = "<group>";
		};
		EF1F75A012A3748A007C5CDF /* httpClient */ = {
			isa = PBXGroup;
			children = (
				EF5C161612CB1861001563EF /* parts */,
				EF1F76B312A397DC007C5CDF /* HttpResponse.h */,
				EF1F76B412A397DC007C5CDF /* HttpResponse.m */,
				EF1F76AA12A396CA007C5CDF /* method */,
				EF1F767F12A390F6007C5CDF /* HttpClient.h */,
				EF1F768012A390F6007C5CDF /* HttpClient.m */,
			);
			path = httpClient;
			sourceTree = "<group>";
		};
		EF1F76AA12A396CA007C5CDF /* method */ = {
			isa = PBXGroup;
			children = (
				EF1F76AF12A39700007C5CDF /* HttpMethodDelegate.h */,
				EF1F76C612A39949007C5CDF /* BaseMethod.h */,
				EF1F76C712A39949007C5CDF /* BaseMethod.m */,
				EF1F772B12A3B6D9007C5CDF /* GetMethod.h */,
				EF1F772C12A3B6D9007C5CDF /* GetMethod.m */,
				EF1F773212A3B753007C5CDF /* PostMethod.h */,
				EF1F773312A3B753007C5CDF /* PostMethod.m */,
				EF1F773712A3B7FF007C5CDF /* PutMethod.h */,
				EF1F773812A3B7FF007C5CDF /* PutMethod.m */,
				EFFE32ED12A498D900A80C69 /* HttpMethod.h */,
				EFFE32EE12A498D900A80C69 /* HttpMethod.m */,
				EF2D691412C07CDC0047631C /* escape.h */,
				EF2D691612C07D060047631C /* escape.c */,
				EFD8C06612CC6450003A86D2 /* MultipartPostMethod.h */,
				EFD8C06712CC6450003A86D2 /* MultipartPostMethod.m */,
				EFD8C09B12CC73DB003A86D2 /* NSStringAdditions.h */,
				EFD8C09C12CC73DB003A86D2 /* NSStringAdditions.m */,
				EFD8C0B212CC75BD003A86D2 /* NSDataAdditions.h */,
				EFD8C0B312CC75BD003A86D2 /* NSDataAdditions.m */,
			);
			path = method;
			sourceTree = "<group>";
		};
		EF5C161612CB1861001563EF /* parts */ = {
			isa = PBXGroup;
			children = (
				EF3E97CF13936935006DF85C /* StringPart.h */,
				EF3E97D013936935006DF85C /* StringPart.m */,
				EF5C161712CB1897001563EF /* FilePart.h */,
				EF5C161812CB1897001563EF /* FilePart.m */,
				EF5C161E12CB1B02001563EF /* PartBase.h */,
				EF5C162612CB1C6C001563EF /* PartBase.m */,
			);
			path = parts;
			sourceTree = "<group>";
		};
		EF8BAAF712B61ACB0083DFF2 /* basicAuth */ = {
			isa = PBXGroup;
			children = (
				EF8BAB6E12B623760083DFF2 /* Base64.h */,
				EF8BAB6F12B623760083DFF2 /* Base64.m */,
			);
			path = basicAuth;
			sourceTree = "<group>";
		};
		EFBA4FC812AF7A600054FC89 /* test */ = {
			isa = PBXGroup;
			children = (
				EFBA4FCA12AF7AEE0054FC89 /* HttpClientTest.h */,
				EFBA4FCB12AF7AEE0054FC89 /* HttpClientTest.m */,
				EFBA524012AFB9D90054FC89 /* main.h */,
				EFBA524112AFB9D90054FC89 /* main.m */,
				EFC68EA612B9DA330040629E /* test.xib */,
			);
			path = test;
			sourceTree = "<group>";
		};
		EFBA510B12AF89E80054FC89 /* adt */ = {
			isa = PBXGroup;
			children = (
				EFBA510F12AF8A4A0054FC89 /* Status.h */,
				EFBA511012AF8A4A0054FC89 /* Status.m */,
				EFBA511312AF8A5E0054FC89 /* DirectMessage.h */,
				EFBA511412AF8A5E0054FC89 /* DirectMessage.m */,
				EFBA511712AF8A6A0054FC89 /* Comment.h */,
				EFBA511812AF8A6A0054FC89 /* Comment.m */,
				EFBA511B12AF8A8B0054FC89 /* BaseStatus.h */,
				EFBA511C12AF8A8B0054FC89 /* BaseStatus.m */,
				EFBA519012AFA7AB0054FC89 /* User.h */,
				EFBA519112AFA7AB0054FC89 /* User.m */,
			);
			path = adt;
			sourceTree = "<group>";
		};
		EFC68EAC12B9DF5A0040629E /* exception */ = {
			isa = PBXGroup;
			children = (
				EFC68EAD12B9DF910040629E /* InvalidParameterException.h */,
				EFC68EAE12B9DF910040629E /* InvalidParameterException.m */,
				EF18D4A712BEF4ED00382796 /* ServerSideError.h */,
				EF18D4A812BEF4ED00382796 /* ServerSideError.m */,
				EFCA88D212BF49FE0055E513 /* ServerSideException.h */,
				EFCA88D312BF49FE0055E513 /* ServerSideException.m */,
			);
			path = exception;
			sourceTree = "<group>";
		};
/* End PBXGroup section */

/* Begin PBXHeadersBuildPhase section */
		D2AAC07A0554694100DB518D /* Headers */ = {
			isa = PBXHeadersBuildPhase;
			buildActionMask = 2147483647;
			files = (
				AA747D9F0F9514B9006C5449 /* weibo4objc_Prefix.pch in Headers */,
				EF1F75A312A374BE007C5CDF /* Weibo.h in Headers */,
				EF1F75E612A37BDA007C5CDF /* Constants.h in Headers */,
				EF1F768112A390F6007C5CDF /* HttpClient.h in Headers */,
				EF1F76B012A39700007C5CDF /* HttpMethodDelegate.h in Headers */,
				EF1F76B512A397DC007C5CDF /* HttpResponse.h in Headers */,
				EF1F76C812A39949007C5CDF /* BaseMethod.h in Headers */,
				EF1F772D12A3B6D9007C5CDF /* GetMethod.h in Headers */,
				EF1F773412A3B753007C5CDF /* PostMethod.h in Headers */,
				EF1F773912A3B7FF007C5CDF /* PutMethod.h in Headers */,
				EFFE32EF12A498D900A80C69 /* HttpMethod.h in Headers */,
				EFBA511112AF8A4A0054FC89 /* Status.h in Headers */,
				EFBA511512AF8A5E0054FC89 /* DirectMessage.h in Headers */,
				EFBA511912AF8A6A0054FC89 /* Comment.h in Headers */,
				EFBA511D12AF8A8B0054FC89 /* BaseStatus.h in Headers */,
				EFBA519212AFA7AB0054FC89 /* User.h in Headers */,
				EF8BAB7512B623DB0083DFF2 /* Base64.h in Headers */,
				EF1D1D6912B71F21000D718C /* XmlStatusParser.h in Headers */,
				EF1D1D7112B71F6A000D718C /* JsonStatusParser.h in Headers */,
				EF1D1DE412B74ED7000D718C /* JSON.h in Headers */,
				EF1D1DE512B74ED7000D718C /* NSObject+SBJSON.h in Headers */,
				EF1D1DE712B74ED7000D718C /* NSString+SBJSON.h in Headers */,
				EF1D1DE912B74ED7000D718C /* SBJsonBase.h in Headers */,
				EF1D1DEB12B74ED7000D718C /* SBJsonParser.h in Headers */,
				EF1D1DED12B74ED7000D718C /* SBJsonWriter.h in Headers */,
				EFC68EAF12B9DF910040629E /* InvalidParameterException.h in Headers */,
				EF18D4A912BEF4ED00382796 /* ServerSideError.h in Headers */,
				EFCA88D412BF49FE0055E513 /* ServerSideException.h in Headers */,
				EF2D691512C07CDC0047631C /* escape.h in Headers */,
				EF5C161912CB1897001563EF /* FilePart.h in Headers */,
				EF5C161F12CB1B02001563EF /* PartBase.h in Headers */,
				EFD8C06812CC6450003A86D2 /* MultipartPostMethod.h in Headers */,
				EFD8C09D12CC73DB003A86D2 /* NSStringAdditions.h in Headers */,
				EFD8C0B412CC75BD003A86D2 /* NSDataAdditions.h in Headers */,
				C63626CC1384BA0D00689881 /* Base64Transcoder.h in Headers */,
				C63626CD1384BA0D00689881 /* NSString+URLEncoding.h in Headers */,
				C63626CF1384BA0D00689881 /* OAConsumer.h in Headers */,
				C63626D11384BA0D00689881 /* OAHMAC_SHA1SignatureProvider.h in Headers */,
				C63626D31384BA0D00689881 /* OAPlaintextSignatureProvider.h in Headers */,
				C63626D51384BA0D00689881 /* OARequestParameter.h in Headers */,
				C63626D71384BA0D00689881 /* OASignatureProviding.h in Headers */,
				C63626D81384BA0D00689881 /* OAToken.h in Headers */,
				C63626DA1384BA0D00689881 /* OauthSingnature.h in Headers */,
				C63626DC1384BA0D00689881 /* RandomStringGenerator.h in Headers */,
				C63626DE1384BA0D00689881 /* NSString_URLEncodingTest.h in Headers */,
				C63626E01384BA0D00689881 /* OAConsumerTest.h in Headers */,
				C63626E21384BA0D00689881 /* OAHMAC_SHA1SignatureProviderTest.h in Headers */,
				C63626E41384BA0D00689881 /* OAPlaintextSignatureProviderTest.h in Headers */,
				C63626E61384BA0D00689881 /* OARequestParameterTest.h in Headers */,
				C63626E81384BA0D00689881 /* OATokenTest.h in Headers */,
				C63626EA1384BA0D00689881 /* OauthSingnatureTest.h in Headers */,
				C63626EC1384BA0D00689881 /* RandomStringGeneratorTest.h in Headers */,
				C63626EE1384BA0D00689881 /* XauthSignatureTest.h in Headers */,
				EF3E97D113936935006DF85C /* StringPart.h in Headers */,
			);
			runOnlyForDeploymentPostprocessing = 0;
		};
/* End PBXHeadersBuildPhase section */

/* Begin PBXNativeTarget section */
		D2AAC07D0554694100DB518D /* weibo4objc */ = {
			isa = PBXNativeTarget;
			buildConfigurationList = 1DEB921E08733DC00010E9CD /* Build configuration list for PBXNativeTarget "weibo4objc" */;
			buildPhases = (
				D2AAC07A0554694100DB518D /* Headers */,
				D2AAC07B0554694100DB518D /* Sources */,
				D2AAC07C0554694100DB518D /* Frameworks */,
				EF68361E12ACE25A00250D3A /* ShellScript */,
			);
			buildRules = (
			);
			dependencies = (
			);
			name = weibo4objc;
			productName = weibo4objc;
			productReference = EFFB1B8813937A5F0089FA34 /* libweibo4objc.a */;
			productType = "com.apple.product-type.library.static";
		};
		EFBA4FBD12AF7A200054FC89 /* unit */ = {
			isa = PBXNativeTarget;
			buildConfigurationList = EFBA4FC712AF7A220054FC89 /* Build configuration list for PBXNativeTarget "unit" */;
			buildPhases = (
				EFBA4FB912AF7A200054FC89 /* Resources */,
				EFBA4FBA12AF7A200054FC89 /* Sources */,
				EFBA4FBB12AF7A200054FC89 /* Frameworks */,
				EFBA4FBC12AF7A200054FC89 /* ShellScript */,
			);
			buildRules = (
			);
			dependencies = (
			);
			name = unit;
			productName = unit;
			productReference = EFBA4FBE12AF7A200054FC89 /* unit.octest */;
			productType = "com.apple.product-type.bundle";
		};
/* End PBXNativeTarget section */

/* Begin PBXProject section */
		0867D690FE84028FC02AAC07 /* Project object */ = {
			isa = PBXProject;
			attributes = {
				ORGANIZATIONNAME = "fanngyuan@sina";
			};
			buildConfigurationList = 1DEB922208733DC00010E9CD /* Build configuration list for PBXProject "weibo4objc" */;
			compatibilityVersion = "Xcode 3.1";
			developmentRegion = English;
			hasScannedForEncodings = 1;
			knownRegions = (
				en,
			);
			mainGroup = 0867D691FE84028FC02AAC07 /* weibo4objc */;
			productRefGroup = 034768DFFF38A50411DB9C8B /* Products */;
			projectDirPath = "";
			projectRoot = "";
			targets = (
				D2AAC07D0554694100DB518D /* weibo4objc */,
				EFBA4FBD12AF7A200054FC89 /* unit */,
			);
		};
/* End PBXProject section */

/* Begin PBXResourcesBuildPhase section */
		EFBA4FB912AF7A200054FC89 /* Resources */ = {
			isa = PBXResourcesBuildPhase;
			buildActionMask = 2147483647;
			files = (
			);
			runOnlyForDeploymentPostprocessing = 0;
		};
/* End PBXResourcesBuildPhase section */

/* Begin PBXShellScriptBuildPhase section */
		EF68361E12ACE25A00250D3A /* ShellScript */ = {
			isa = PBXShellScriptBuildPhase;
			buildActionMask = 2147483647;
			files = (
			);
			inputPaths = (
				"$(SRCROOT)/myfile",
			);
			outputPaths = (
			);
			runOnlyForDeploymentPostprocessing = 0;
			shellPath = /bin/sh;
			shellScript = "";
		};
		EFBA4FBC12AF7A200054FC89 /* ShellScript */ = {
			isa = PBXShellScriptBuildPhase;
			buildActionMask = 2147483647;
			files = (
			);
			inputPaths = (
			);
			outputPaths = (
			);
			runOnlyForDeploymentPostprocessing = 0;
			shellPath = /bin/sh;
			shellScript = "# Run the unit tests in this test bundle.\n\"${SYSTEM_DEVELOPER_DIR}/Tools/RunUnitTests\"\n";
		};
/* End PBXShellScriptBuildPhase section */

/* Begin PBXSourcesBuildPhase section */
		D2AAC07B0554694100DB518D /* Sources */ = {
			isa = PBXSourcesBuildPhase;
			buildActionMask = 2147483647;
			files = (
				EF1F75A412A374BE007C5CDF /* Weibo.m in Sources */,
				EF1F768212A390F6007C5CDF /* HttpClient.m in Sources */,
				EF1F76B612A397DC007C5CDF /* HttpResponse.m in Sources */,
				EF1F76C912A39949007C5CDF /* BaseMethod.m in Sources */,
				EF1F772E12A3B6D9007C5CDF /* GetMethod.m in Sources */,
				EF1F773512A3B753007C5CDF /* PostMethod.m in Sources */,
				EF1F773A12A3B7FF007C5CDF /* PutMethod.m in Sources */,
				EFFE32F012A498D900A80C69 /* HttpMethod.m in Sources */,
				EFBA511212AF8A4A0054FC89 /* Status.m in Sources */,
				EFBA511612AF8A5E0054FC89 /* DirectMessage.m in Sources */,
				EFBA511A12AF8A6A0054FC89 /* Comment.m in Sources */,
				EFBA511E12AF8A8B0054FC89 /* BaseStatus.m in Sources */,
				EFBA519312AFA7AB0054FC89 /* User.m in Sources */,
				EF1D1D6A12B71F21000D718C /* XmlStatusParser.m in Sources */,
				EF1D1D7212B71F6A000D718C /* JsonStatusParser.m in Sources */,
				EF1D1DE612B74ED7000D718C /* NSObject+SBJSON.m in Sources */,
				EF1D1DE812B74ED7000D718C /* NSString+SBJSON.m in Sources */,
				EF1D1DEA12B74ED7000D718C /* SBJsonBase.m in Sources */,
				EF1D1DEC12B74ED7000D718C /* SBJsonParser.m in Sources */,
				EF1D1DEE12B74ED7000D718C /* SBJsonWriter.m in Sources */,
				EFC68EB012B9DF910040629E /* InvalidParameterException.m in Sources */,
				EF18D4AA12BEF4ED00382796 /* ServerSideError.m in Sources */,
				EFCA88D512BF49FE0055E513 /* ServerSideException.m in Sources */,
				EF2D691712C07D060047631C /* escape.c in Sources */,
				EF1A6F4912C32BD500B9B870 /* Base64.m in Sources */,
				EF5C161A12CB1897001563EF /* FilePart.m in Sources */,
				EF5C162712CB1C6C001563EF /* PartBase.m in Sources */,
				EFD8C06912CC6450003A86D2 /* MultipartPostMethod.m in Sources */,
				EFD8C09E12CC73DB003A86D2 /* NSStringAdditions.m in Sources */,
				EFD8C0B512CC75BD003A86D2 /* NSDataAdditions.m in Sources */,
				C63626CB1384BA0D00689881 /* Base64Transcoder.c in Sources */,
				C63626CE1384BA0D00689881 /* NSString+URLEncoding.m in Sources */,
				C63626D01384BA0D00689881 /* OAConsumer.m in Sources */,
				C63626D21384BA0D00689881 /* OAHMAC_SHA1SignatureProvider.m in Sources */,
				C63626D41384BA0D00689881 /* OAPlaintextSignatureProvider.m in Sources */,
				C63626D61384BA0D00689881 /* OARequestParameter.m in Sources */,
				C63626D91384BA0D00689881 /* OAToken.m in Sources */,
				C63626DB1384BA0D00689881 /* OauthSingnature.m in Sources */,
				C63626DD1384BA0D00689881 /* RandomStringGenerator.m in Sources */,
				EF3E97D213936935006DF85C /* StringPart.m in Sources */,
			);
			runOnlyForDeploymentPostprocessing = 0;
		};
		EFBA4FBA12AF7A200054FC89 /* Sources */ = {
			isa = PBXSourcesBuildPhase;
			buildActionMask = 2147483647;
			files = (
				EFFB1B611393724C0089FA34 /* NSString_URLEncodingTest.m in Sources */,
				EFFB1B621393724C0089FA34 /* OAConsumerTest.m in Sources */,
				EFFB1B631393724C0089FA34 /* OAHMAC_SHA1SignatureProviderTest.m in Sources */,
				EFFB1B641393724C0089FA34 /* OAPlaintextSignatureProviderTest.m in Sources */,
				EFFB1B651393724C0089FA34 /* OARequestParameterTest.m in Sources */,
				EFFB1B661393724C0089FA34 /* OATokenTest.m in Sources */,
				EFFB1B671393724C0089FA34 /* OauthSingnatureTest.m in Sources */,
				EFFB1B681393724C0089FA34 /* RandomStringGeneratorTest.m in Sources */,
				EFFB1B691393724C0089FA34 /* XauthSignatureTest.m in Sources */,
				EFBA4FCC12AF7AEE0054FC89 /* HttpClientTest.m in Sources */,
			);
			runOnlyForDeploymentPostprocessing = 0;
		};
/* End PBXSourcesBuildPhase section */

/* Begin XCBuildConfiguration section */
		1DEB921F08733DC00010E9CD /* Debug */ = {
			isa = XCBuildConfiguration;
			buildSettings = {
				ALWAYS_SEARCH_USER_PATHS = NO;
				ARCHS = "$(ARCHS_STANDARD_32_BIT)";
				COPY_PHASE_STRIP = NO;
				DSTROOT = /tmp/weibo4objc.dst;
				GCC_DYNAMIC_NO_PIC = NO;
				GCC_ENABLE_FIX_AND_CONTINUE = YES;
				GCC_MODEL_TUNING = G5;
				GCC_OPTIMIZATION_LEVEL = 0;
				GCC_PRECOMPILE_PREFIX_HEADER = YES;
				GCC_PREFIX_HEADER = weibo4objc_Prefix.pch;
				INSTALL_PATH = /usr/local/lib;
				ONLY_ACTIVE_ARCH = NO;
				OTHER_LDFLAGS = "-ObjC";
				PRODUCT_NAME = weibo4objc;
				SDKROOT = iphoneos;
				"SDKROOT[arch=*]" = iphoneos;
			};
			name = Debug;
		};
		1DEB922008733DC00010E9CD /* Release */ = {
			isa = XCBuildConfiguration;
			buildSettings = {
				ALWAYS_SEARCH_USER_PATHS = NO;
				ARCHS = "$(ARCHS_STANDARD_32_BIT)";
				DSTROOT = /tmp/weibo4objc.dst;
				GCC_MODEL_TUNING = G5;
				GCC_PRECOMPILE_PREFIX_HEADER = YES;
				GCC_PREFIX_HEADER = weibo4objc_Prefix.pch;
				INSTALL_PATH = /usr/local/lib;
				PRODUCT_NAME = weibo4objc;
				SDKROOT = iphoneos4.3;
			};
			name = Release;
		};
		1DEB922308733DC00010E9CD /* Debug */ = {
			isa = XCBuildConfiguration;
			buildSettings = {
				ARCHS = "$(ARCHS_STANDARD_32_BIT)";
				GCC_C_LANGUAGE_STANDARD = c99;
				GCC_OPTIMIZATION_LEVEL = 0;
				GCC_WARN_ABOUT_RETURN_TYPE = YES;
				GCC_WARN_UNUSED_VARIABLE = YES;
				HEADER_SEARCH_PATHS = "/usr/include/libxml2//**";
				OTHER_LDFLAGS = (
					"-all_load",
					"-ObjC",
				);
				PREBINDING = NO;
				SDKROOT = iphoneos4.0;
			};
			name = Debug;
		};
		1DEB922408733DC00010E9CD /* Release */ = {
			isa = XCBuildConfiguration;
			buildSettings = {
				ARCHS = "$(ARCHS_STANDARD_32_BIT)";
				GCC_C_LANGUAGE_STANDARD = c99;
				GCC_WARN_ABOUT_RETURN_TYPE = YES;
				GCC_WARN_UNUSED_VARIABLE = YES;
				OTHER_LDFLAGS = "-ObjC";
				PREBINDING = NO;
				SDKROOT = iphoneos4.0;
			};
			name = Release;
		};
		EFBA4FC112AF7A210054FC89 /* Debug */ = {
			isa = XCBuildConfiguration;
			buildSettings = {
				ALWAYS_SEARCH_USER_PATHS = NO;
				"CODE_SIGN_IDENTITY[sdk=iphoneos*]" = "";
				COPY_PHASE_STRIP = NO;
				FRAMEWORK_SEARCH_PATHS = (
					"\"$(SDKROOT)/Developer/Library/Frameworks\"",
					"\"$(DEVELOPER_LIBRARY_DIR)/Frameworks\"",
				);
				GCC_DYNAMIC_NO_PIC = NO;
				GCC_ENABLE_FIX_AND_CONTINUE = NO;
				GCC_ENABLE_OBJC_EXCEPTIONS = YES;
				GCC_OPTIMIZATION_LEVEL = 0;
				INFOPLIST_FILE = "unit-Info.plist";
				OTHER_LDFLAGS = (
					"-framework",
					Foundation,
					"-framework",
					SenTestingKit,
					"-framework",
					UIKit,
				);
				PREBINDING = NO;
				PRODUCT_NAME = unit;
				SDKROOT = iphonesimulator4.0;
				WRAPPER_EXTENSION = octest;
			};
			name = Debug;
		};
		EFBA4FC212AF7A210054FC89 /* Release */ = {
			isa = XCBuildConfiguration;
			buildSettings = {
				ALWAYS_SEARCH_USER_PATHS = NO;
				"CODE_SIGN_IDENTITY[sdk=iphoneos*]" = "";
				COPY_PHASE_STRIP = YES;
				DEBUG_INFORMATION_FORMAT = "dwarf-with-dsym";
				FRAMEWORK_SEARCH_PATHS = (
					"\"$(SDKROOT)/Developer/Library/Frameworks\"",
					"\"$(DEVELOPER_LIBRARY_DIR)/Frameworks\"",
				);
				GCC_ENABLE_FIX_AND_CONTINUE = NO;
				GCC_ENABLE_OBJC_EXCEPTIONS = YES;
				INFOPLIST_FILE = "unit-Info.plist";
				OTHER_LDFLAGS = (
					"-framework",
					Foundation,
					"-framework",
					SenTestingKit,
					"-framework",
					UIKit,
				);
				PREBINDING = NO;
				PRODUCT_NAME = unit;
				SDKROOT = iphoneos4.3;
				WRAPPER_EXTENSION = octest;
				ZERO_LINK = NO;
			};
			name = Release;
		};
/* End XCBuildConfiguration section */

/* Begin XCConfigurationList section */
		1DEB921E08733DC00010E9CD /* Build configuration list for PBXNativeTarget "weibo4objc" */ = {
			isa = XCConfigurationList;
			buildConfigurations = (
				1DEB921F08733DC00010E9CD /* Debug */,
				1DEB922008733DC00010E9CD /* Release */,
			);
			defaultConfigurationIsVisible = 0;
			defaultConfigurationName = Release;
		};
		1DEB922208733DC00010E9CD /* Build configuration list for PBXProject "weibo4objc" */ = {
			isa = XCConfigurationList;
			buildConfigurations = (
				1DEB922308733DC00010E9CD /* Debug */,
				1DEB922408733DC00010E9CD /* Release */,
			);
			defaultConfigurationIsVisible = 0;
			defaultConfigurationName = Release;
		};
		EFBA4FC712AF7A220054FC89 /* Build configuration list for PBXNativeTarget "unit" */ = {
			isa = XCConfigurationList;
			buildConfigurations = (
				EFBA4FC112AF7A210054FC89 /* Debug */,
				EFBA4FC212AF7A210054FC89 /* Release */,
			);
			defaultConfigurationIsVisible = 0;
			defaultConfigurationName = Release;
		};
/* End XCConfigurationList section */
	};
	rootObject = 0867D690FE84028FC02AAC07 /* Project object */;
}
